{
  "requires": true,
  "lockfileVersion": 1,
  "dependencies": {
    "moment": {
      "version": "2.29.3",
      "resolved": "https://registry.npmjs.org/moment/-/moment-2.29.3.tgz",
      "integrity": "sha512-c6YRvhEo//6T2Jz/vVtYzqBzwvPT95JBQ+smCytzf7c50oMZRsR/a4w88aD34I+/QVSfnoAnSBFPJHItlOMJVw=="
    },
    "tslib": {
      "version": "2.4.0",
      "resolved": "https://registry.npmjs.org/tslib/-/tslib-2.4.0.tgz",
      "integrity": "sha512-d6xOpEDfsi2CZVlPQzGeux8XMwLT9hssAsaPYExaQMuYskwb+x1x7J371tWlbBdWHroy99KnVB6qIkUbs5X3UQ=="
    },
    "zone.js": {
      "version": "0.11.6",
      "resolved": "https://registry.npmjs.org/zone.js/-/zone.js-0.11.6.tgz",
      "integrity": "sha512-umJqFtKyZlPli669gB1gOrRE9hxUUGkZr7mo878z+NEBJZZixJkKeVYfnoLa7g25SseUDc92OZrMKKHySyJrFg==",
      "requires": {
        "tslib": "^2.3.0"
      }
    }
  }
}
